
Microsoft Visual Studio Solution File, Format Version 12.00
# Visual Studio Version 16
VisualStudioVersion = 16.0.30128.74
MinimumVisualStudioVersion = 10.0.40219.1
Project("{FAE04EC0-301F-11D3-BF4B-00C04F79EFBC}") = "LofterDownloader.Android", "LofterDownloader\LofterDownloader.Android\LofterDownloader.Android.csproj", "{B81CA5DA-DE1A-4D08-982A-03090F27AFA0}"
EndProject
Project("{FAE04EC0-301F-11D3-BF4B-00C04F79EFBC}") = "LofterDownloader.iOS", "LofterDownloader\LofterDownloader.iOS\LofterDownloader.iOS.csproj", "{52D0B9F8-02C3-466A-B40F-1F4294218C8F}"
EndProject
Project("{9A19103F-16F7-4668-BE54-9A1E7A4F7556}") = "LofterDownloader", "LofterDownloader\LofterDownloader\LofterDownloader.csproj", "{E818AF6E-2126-4E9C-8162-9FF6299CF52A}"
EndProject
Project("{FAE04EC0-301F-11D3-BF4B-00C04F79EFBC}") = "LofterDownloader.WPF", "LofterDownloader\LofterDownloader.WPF\LofterDownloader.WPF.csproj", "{FC6AA763-0FCB-42EC-9EA3-EE0E35814978}"
EndProject
Global
	GlobalSection(SolutionConfigurationPlatforms) = preSolution
		Debug|Any CPU = Debug|Any CPU
		Debug|ARM = Debug|ARM
		Debug|iPhone = Debug|iPhone
		Debug|iPhoneSimulator = Debug|iPhoneSimulator
		Debug|x64 = Debug|x64
		Debug|x86 = Debug|x86
		Release|Any CPU = Release|Any CPU
		Release|ARM = Release|ARM
		Release|iPhone = Release|iPhone
		Release|iPhoneSimulator = Release|iPhoneSimulator
		Release|x64 = Release|x64
		Release|x86 = Release|x86
		WPF|Any CPU = WPF|Any CPU
		WPF|ARM = WPF|ARM
		WPF|iPhone = WPF|iPhone
		WPF|iPhoneSimulator = WPF|iPhoneSimulator
		WPF|x64 = WPF|x64
		WPF|x86 = WPF|x86
	EndGlobalSection
	GlobalSection(ProjectConfigurationPlatforms) = postSolution
		{B81CA5DA-DE1A-4D08-982A-03090F27AFA0}.Debug|Any CPU.ActiveCfg = Debug|Any CPU
		{B81CA5DA-DE1A-4D08-982A-03090F27AFA0}.Debug|Any CPU.Build.0 = Debug|Any CPU
		{B81CA5DA-DE1A-4D08-982A-03090F27AFA0}.Debug|Any CPU.Deploy.0 = Debug|Any CPU
		{B81CA5DA-DE1A-4D08-982A-03090F27AFA0}.Debug|ARM.ActiveCfg = Debug|Any CPU
		{B81CA5DA-DE1A-4D08-982A-03090F27AFA0}.Debug|ARM.Build.0 = Debug|Any CPU
		{B81CA5DA-DE1A-4D08-982A-03090F27AFA0}.Debug|ARM.Deploy.0 = Debug|Any CPU
		{B81CA5DA-DE1A-4D08-982A-03090F27AFA0}.Debug|iPhone.ActiveCfg = Debug|Any CPU
		{B81CA5DA-DE1A-4D08-982A-03090F27AFA0}.Debug|iPhone.Build.0 = Debug|Any CPU
		{B81CA5DA-DE1A-4D08-982A-03090F27AFA0}.Debug|iPhone.Deploy.0 = Debug|Any CPU
		{B81CA5DA-DE1A-4D08-982A-03090F27AFA0}.Debug|iPhoneSimulator.ActiveCfg = Debug|Any CPU
		{B81CA5DA-DE1A-4D08-982A-03090F27AFA0}.Debug|iPhoneSimulator.Build.0 = Debug|Any CPU
		{B81CA5DA-DE1A-4D08-982A-03090F27AFA0}.Debug|iPhoneSimulator.Deploy.0 = Debug|Any CPU
		{B81CA5DA-DE1A-4D08-982A-03090F27AFA0}.Debug|x64.ActiveCfg = Debug|Any CPU
		{B81CA5DA-DE1A-4D08-982A-03090F27AFA0}.Debug|x64.Build.0 = Debug|Any CPU
		{B81CA5DA-DE1A-4D08-982A-03090F27AFA0}.Debug|x64.Deploy.0 = Debug|Any CPU
		{B81CA5DA-DE1A-4D08-982A-03090F27AFA0}.Debug|x86.ActiveCfg = Debug|Any CPU
		{B81CA5DA-DE1A-4D08-982A-03090F27AFA0}.Debug|x86.Build.0 = Debug|Any CPU
		{B81CA5DA-DE1A-4D08-982A-03090F27AFA0}.Debug|x86.Deploy.0 = Debug|Any CPU
		{B81CA5DA-DE1A-4D08-982A-03090F27AFA0}.Release|Any CPU.ActiveCfg = Release|Any CPU
		{B81CA5DA-DE1A-4D08-982A-03090F27AFA0}.Release|Any CPU.Build.0 = Release|Any CPU
		{B81CA5DA-DE1A-4D08-982A-03090F27AFA0}.Release|Any CPU.Deploy.0 = Release|Any CPU
		{B81CA5DA-DE1A-4D08-982A-03090F27AFA0}.Release|ARM.ActiveCfg = Release|Any CPU
		{B81CA5DA-DE1A-4D08-982A-03090F27AFA0}.Release|ARM.Build.0 = Release|Any CPU
		{B81CA5DA-DE1A-4D08-982A-03090F27AFA0}.Release|ARM.Deploy.0 = Release|Any CPU
		{B81CA5DA-DE1A-4D08-982A-03090F27AFA0}.Release|iPhone.ActiveCfg = Release|Any CPU
		{B81CA5DA-DE1A-4D08-982A-03090F27AFA0}.Release|iPhone.Build.0 = Release|Any CPU
		{B81CA5DA-DE1A-4D08-982A-03090F27AFA0}.Release|iPhone.Deploy.0 = Release|Any CPU
		{B81CA5DA-DE1A-4D08-982A-03090F27AFA0}.Release|iPhoneSimulator.ActiveCfg = Release|Any CPU
		{B81CA5DA-DE1A-4D08-982A-03090F27AFA0}.Release|iPhoneSimulator.Build.0 = Release|Any CPU
		{B81CA5DA-DE1A-4D08-982A-03090F27AFA0}.Release|iPhoneSimulator.Deploy.0 = Release|Any CPU
		{B81CA5DA-DE1A-4D08-982A-03090F27AFA0}.Release|x64.ActiveCfg = Release|Any CPU
		{B81CA5DA-DE1A-4D08-982A-03090F27AFA0}.Release|x64.Build.0 = Release|Any CPU
		{B81CA5DA-DE1A-4D08-982A-03090F27AFA0}.Release|x64.Deploy.0 = Release|Any CPU
		{B81CA5DA-DE1A-4D08-982A-03090F27AFA0}.Release|x86.ActiveCfg = Release|Any CPU
		{B81CA5DA-DE1A-4D08-982A-03090F27AFA0}.Release|x86.Build.0 = Release|Any CPU
		{B81CA5DA-DE1A-4D08-982A-03090F27AFA0}.Release|x86.Deploy.0 = Release|Any CPU
		{B81CA5DA-DE1A-4D08-982A-03090F27AFA0}.WPF|Any CPU.ActiveCfg = Debug|Any CPU
		{B81CA5DA-DE1A-4D08-982A-03090F27AFA0}.WPF|ARM.ActiveCfg = WPF|Any CPU
		{B81CA5DA-DE1A-4D08-982A-03090F27AFA0}.WPF|ARM.Build.0 = WPF|Any CPU
		{B81CA5DA-DE1A-4D08-982A-03090F27AFA0}.WPF|ARM.Deploy.0 = WPF|Any CPU
		{B81CA5DA-DE1A-4D08-982A-03090F27AFA0}.WPF|iPhone.ActiveCfg = WPF|Any CPU
		{B81CA5DA-DE1A-4D08-982A-03090F27AFA0}.WPF|iPhone.Build.0 = WPF|Any CPU
		{B81CA5DA-DE1A-4D08-982A-03090F27AFA0}.WPF|iPhone.Deploy.0 = WPF|Any CPU
		{B81CA5DA-DE1A-4D08-982A-03090F27AFA0}.WPF|iPhoneSimulator.ActiveCfg = WPF|Any CPU
		{B81CA5DA-DE1A-4D08-982A-03090F27AFA0}.WPF|iPhoneSimulator.Build.0 = WPF|Any CPU
		{B81CA5DA-DE1A-4D08-982A-03090F27AFA0}.WPF|iPhoneSimulator.Deploy.0 = WPF|Any CPU
		{B81CA5DA-DE1A-4D08-982A-03090F27AFA0}.WPF|x64.ActiveCfg = WPF|Any CPU
		{B81CA5DA-DE1A-4D08-982A-03090F27AFA0}.WPF|x64.Build.0 = WPF|Any CPU
		{B81CA5DA-DE1A-4D08-982A-03090F27AFA0}.WPF|x64.Deploy.0 = WPF|Any CPU
		{B81CA5DA-DE1A-4D08-982A-03090F27AFA0}.WPF|x86.ActiveCfg = WPF|Any CPU
		{B81CA5DA-DE1A-4D08-982A-03090F27AFA0}.WPF|x86.Build.0 = WPF|Any CPU
		{B81CA5DA-DE1A-4D08-982A-03090F27AFA0}.WPF|x86.Deploy.0 = WPF|Any CPU
		{52D0B9F8-02C3-466A-B40F-1F4294218C8F}.Debug|Any CPU.ActiveCfg = Debug|iPhone
		{52D0B9F8-02C3-466A-B40F-1F4294218C8F}.Debug|Any CPU.Deploy.0 = Debug|iPhone
		{52D0B9F8-02C3-466A-B40F-1F4294218C8F}.Debug|ARM.ActiveCfg = Debug|iPhone
		{52D0B9F8-02C3-466A-B40F-1F4294218C8F}.Debug|ARM.Build.0 = Debug|iPhone
		{52D0B9F8-02C3-466A-B40F-1F4294218C8F}.Debug|ARM.Deploy.0 = Debug|iPhone
		{52D0B9F8-02C3-466A-B40F-1F4294218C8F}.Debug|iPhone.ActiveCfg = Debug|iPhone
		{52D0B9F8-02C3-466A-B40F-1F4294218C8F}.Debug|iPhone.Build.0 = Debug|iPhone
		{52D0B9F8-02C3-466A-B40F-1F4294218C8F}.Debug|iPhone.Deploy.0 = Debug|iPhone
		{52D0B9F8-02C3-466A-B40F-1F4294218C8F}.Debug|iPhoneSimulator.ActiveCfg = Debug|iPhoneSimulator
		{52D0B9F8-02C3-466A-B40F-1F4294218C8F}.Debug|iPhoneSimulator.Build.0 = Debug|iPhoneSimulator
		{52D0B9F8-02C3-466A-B40F-1F4294218C8F}.Debug|iPhoneSimulator.Deploy.0 = Debug|iPhoneSimulator
		{52D0B9F8-02C3-466A-B40F-1F4294218C8F}.Debug|x64.ActiveCfg = Debug|iPhone
		{52D0B9F8-02C3-466A-B40F-1F4294218C8F}.Debug|x64.Build.0 = Debug|iPhone
		{52D0B9F8-02C3-466A-B40F-1F4294218C8F}.Debug|x64.Deploy.0 = Debug|iPhone
		{52D0B9F8-02C3-466A-B40F-1F4294218C8F}.Debug|x86.ActiveCfg = Debug|iPhone
		{52D0B9F8-02C3-466A-B40F-1F4294218C8F}.Debug|x86.Build.0 = Debug|iPhone
		{52D0B9F8-02C3-466A-B40F-1F4294218C8F}.Debug|x86.Deploy.0 = Debug|iPhone
		{52D0B9F8-02C3-466A-B40F-1F4294218C8F}.Release|Any CPU.ActiveCfg = Release|iPhone
		{52D0B9F8-02C3-466A-B40F-1F4294218C8F}.Release|ARM.ActiveCfg = Release|iPhone
		{52D0B9F8-02C3-466A-B40F-1F4294218C8F}.Release|ARM.Build.0 = Release|iPhone
		{52D0B9F8-02C3-466A-B40F-1F4294218C8F}.Release|ARM.Deploy.0 = Release|iPhone
		{52D0B9F8-02C3-466A-B40F-1F4294218C8F}.Release|iPhone.ActiveCfg = Release|iPhone
		{52D0B9F8-02C3-466A-B40F-1F4294218C8F}.Release|iPhone.Build.0 = Release|iPhone
		{52D0B9F8-02C3-466A-B40F-1F4294218C8F}.Release|iPhone.Deploy.0 = Release|iPhone
		{52D0B9F8-02C3-466A-B40F-1F4294218C8F}.Release|iPhoneSimulator.ActiveCfg = Release|iPhoneSimulator
		{52D0B9F8-02C3-466A-B40F-1F4294218C8F}.Release|iPhoneSimulator.Build.0 = Release|iPhoneSimulator
		{52D0B9F8-02C3-466A-B40F-1F4294218C8F}.Release|iPhoneSimulator.Deploy.0 = Release|iPhoneSimulator
		{52D0B9F8-02C3-466A-B40F-1F4294218C8F}.Release|x64.ActiveCfg = Release|iPhone
		{52D0B9F8-02C3-466A-B40F-1F4294218C8F}.Release|x64.Build.0 = Release|iPhone
		{52D0B9F8-02C3-466A-B40F-1F4294218C8F}.Release|x64.Deploy.0 = Release|iPhone
		{52D0B9F8-02C3-466A-B40F-1F4294218C8F}.Release|x86.ActiveCfg = Release|iPhone
		{52D0B9F8-02C3-466A-B40F-1F4294218C8F}.Release|x86.Build.0 = Release|iPhone
		{52D0B9F8-02C3-466A-B40F-1F4294218C8F}.Release|x86.Deploy.0 = Release|iPhone
		{52D0B9F8-02C3-466A-B40F-1F4294218C8F}.WPF|Any CPU.ActiveCfg = WPF|iPhone
		{52D0B9F8-02C3-466A-B40F-1F4294218C8F}.WPF|ARM.ActiveCfg = WPF|iPhone
		{52D0B9F8-02C3-466A-B40F-1F4294218C8F}.WPF|iPhone.ActiveCfg = WPF|iPhone
		{52D0B9F8-02C3-466A-B40F-1F4294218C8F}.WPF|iPhone.Build.0 = WPF|iPhone
		{52D0B9F8-02C3-466A-B40F-1F4294218C8F}.WPF|iPhoneSimulator.ActiveCfg = WPF|iPhoneSimulator
		{52D0B9F8-02C3-466A-B40F-1F4294218C8F}.WPF|iPhoneSimulator.Build.0 = WPF|iPhoneSimulator
		{52D0B9F8-02C3-466A-B40F-1F4294218C8F}.WPF|x64.ActiveCfg = WPF|iPhone
		{52D0B9F8-02C3-466A-B40F-1F4294218C8F}.WPF|x86.ActiveCfg = WPF|iPhone
		{E818AF6E-2126-4E9C-8162-9FF6299CF52A}.Debug|Any CPU.ActiveCfg = Debug|Any CPU
		{E818AF6E-2126-4E9C-8162-9FF6299CF52A}.Debug|Any CPU.Build.0 = Debug|Any CPU
		{E818AF6E-2126-4E9C-8162-9FF6299CF52A}.Debug|Any CPU.Deploy.0 = Debug|Any CPU
		{E818AF6E-2126-4E9C-8162-9FF6299CF52A}.Debug|ARM.ActiveCfg = Debug|Any CPU
		{E818AF6E-2126-4E9C-8162-9FF6299CF52A}.Debug|ARM.Build.0 = Debug|Any CPU
		{E818AF6E-2126-4E9C-8162-9FF6299CF52A}.Debug|ARM.Deploy.0 = Debug|Any CPU
		{E818AF6E-2126-4E9C-8162-9FF6299CF52A}.Debug|iPhone.ActiveCfg = Debug|Any CPU
		{E818AF6E-2126-4E9C-8162-9FF6299CF52A}.Debug|iPhone.Build.0 = Debug|Any CPU
		{E818AF6E-2126-4E9C-8162-9FF6299CF52A}.Debug|iPhone.Deploy.0 = Debug|Any CPU
		{E818AF6E-2126-4E9C-8162-9FF6299CF52A}.Debug|iPhoneSimulator.ActiveCfg = Debug|Any CPU
		{E818AF6E-2126-4E9C-8162-9FF6299CF52A}.Debug|iPhoneSimulator.Build.0 = Debug|Any CPU
		{E818AF6E-2126-4E9C-8162-9FF6299CF52A}.Debug|iPhoneSimulator.Deploy.0 = Debug|Any CPU
		{E818AF6E-2126-4E9C-8162-9FF6299CF52A}.Debug|x64.ActiveCfg = Debug|Any CPU
		{E818AF6E-2126-4E9C-8162-9FF6299CF52A}.Debug|x64.Build.0 = Debug|Any CPU
		{E818AF6E-2126-4E9C-8162-9FF6299CF52A}.Debug|x64.Deploy.0 = Debug|Any CPU
		{E818AF6E-2126-4E9C-8162-9FF6299CF52A}.Debug|x86.ActiveCfg = Debug|Any CPU
		{E818AF6E-2126-4E9C-8162-9FF6299CF52A}.Debug|x86.Build.0 = Debug|Any CPU
		{E818AF6E-2126-4E9C-8162-9FF6299CF52A}.Debug|x86.Deploy.0 = Debug|Any CPU
		{E818AF6E-2126-4E9C-8162-9FF6299CF52A}.Release|Any CPU.ActiveCfg = Release|Any CPU
		{E818AF6E-2126-4E9C-8162-9FF6299CF52A}.Release|Any CPU.Build.0 = Release|Any CPU
		{E818AF6E-2126-4E9C-8162-9FF6299CF52A}.Release|Any CPU.Deploy.0 = Release|Any CPU
		{E818AF6E-2126-4E9C-8162-9FF6299CF52A}.Release|ARM.ActiveCfg = Release|Any CPU
		{E818AF6E-2126-4E9C-8162-9FF6299CF52A}.Release|ARM.Build.0 = Release|Any CPU
		{E818AF6E-2126-4E9C-8162-9FF6299CF52A}.Release|ARM.Deploy.0 = Release|Any CPU
		{E818AF6E-2126-4E9C-8162-9FF6299CF52A}.Release|iPhone.ActiveCfg = Release|Any CPU
		{E818AF6E-2126-4E9C-8162-9FF6299CF52A}.Release|iPhone.Build.0 = Release|Any CPU
		{E818AF6E-2126-4E9C-8162-9FF6299CF52A}.Release|iPhone.Deploy.0 = Release|Any CPU
		{E818AF6E-2126-4E9C-8162-9FF6299CF52A}.Release|iPhoneSimulator.ActiveCfg = Release|Any CPU
		{E818AF6E-2126-4E9C-8162-9FF6299CF52A}.Release|iPhoneSimulator.Build.0 = Release|Any CPU
		{E818AF6E-2126-4E9C-8162-9FF6299CF52A}.Release|iPhoneSimulator.Deploy.0 = Release|Any CPU
		{E818AF6E-2126-4E9C-8162-9FF6299CF52A}.Release|x64.ActiveCfg = Release|Any CPU
		{E818AF6E-2126-4E9C-8162-9FF6299CF52A}.Release|x64.Build.0 = Release|Any CPU
		{E818AF6E-2126-4E9C-8162-9FF6299CF52A}.Release|x64.Deploy.0 = Release|Any CPU
		{E818AF6E-2126-4E9C-8162-9FF6299CF52A}.Release|x86.ActiveCfg = Release|Any CPU
		{E818AF6E-2126-4E9C-8162-9FF6299CF52A}.Release|x86.Build.0 = Release|Any CPU
		{E818AF6E-2126-4E9C-8162-9FF6299CF52A}.Release|x86.Deploy.0 = Release|Any CPU
		{E818AF6E-2126-4E9C-8162-9FF6299CF52A}.WPF|Any CPU.ActiveCfg = WPF|Any CPU
		{E818AF6E-2126-4E9C-8162-9FF6299CF52A}.WPF|Any CPU.Build.0 = WPF|Any CPU
		{E818AF6E-2126-4E9C-8162-9FF6299CF52A}.WPF|ARM.ActiveCfg = WPF|Any CPU
		{E818AF6E-2126-4E9C-8162-9FF6299CF52A}.WPF|ARM.Build.0 = WPF|Any CPU
		{E818AF6E-2126-4E9C-8162-9FF6299CF52A}.WPF|iPhone.ActiveCfg = WPF|Any CPU
		{E818AF6E-2126-4E9C-8162-9FF6299CF52A}.WPF|iPhone.Build.0 = WPF|Any CPU
		{E818AF6E-2126-4E9C-8162-9FF6299CF52A}.WPF|iPhoneSimulator.ActiveCfg = WPF|Any CPU
		{E818AF6E-2126-4E9C-8162-9FF6299CF52A}.WPF|iPhoneSimulator.Build.0 = WPF|Any CPU
		{E818AF6E-2126-4E9C-8162-9FF6299CF52A}.WPF|x64.ActiveCfg = WPF|Any CPU
		{E818AF6E-2126-4E9C-8162-9FF6299CF52A}.WPF|x64.Build.0 = WPF|Any CPU
		{E818AF6E-2126-4E9C-8162-9FF6299CF52A}.WPF|x86.ActiveCfg = WPF|Any CPU
		{E818AF6E-2126-4E9C-8162-9FF6299CF52A}.WPF|x86.Build.0 = WPF|Any CPU
		{FC6AA763-0FCB-42EC-9EA3-EE0E35814978}.Debug|Any CPU.ActiveCfg = Debug|Any CPU
		{FC6AA763-0FCB-42EC-9EA3-EE0E35814978}.Debug|Any CPU.Build.0 = Debug|Any CPU
		{FC6AA763-0FCB-42EC-9EA3-EE0E35814978}.Debug|ARM.ActiveCfg = Debug|Any CPU
		{FC6AA763-0FCB-42EC-9EA3-EE0E35814978}.Debug|ARM.Build.0 = Debug|Any CPU
		{FC6AA763-0FCB-42EC-9EA3-EE0E35814978}.Debug|iPhone.ActiveCfg = Debug|Any CPU
		{FC6AA763-0FCB-42EC-9EA3-EE0E35814978}.Debug|iPhone.Build.0 = Debug|Any CPU
		{FC6AA763-0FCB-42EC-9EA3-EE0E35814978}.Debug|iPhoneSimulator.ActiveCfg = Debug|Any CPU
		{FC6AA763-0FCB-42EC-9EA3-EE0E35814978}.Debug|iPhoneSimulator.Build.0 = Debug|Any CPU
		{FC6AA763-0FCB-42EC-9EA3-EE0E35814978}.Debug|x64.ActiveCfg = Debug|Any CPU
		{FC6AA763-0FCB-42EC-9EA3-EE0E35814978}.Debug|x64.Build.0 = Debug|Any CPU
		{FC6AA763-0FCB-42EC-9EA3-EE0E35814978}.Debug|x86.ActiveCfg = Debug|Any CPU
		{FC6AA763-0FCB-42EC-9EA3-EE0E35814978}.Debug|x86.Build.0 = Debug|Any CPU
		{FC6AA763-0FCB-42EC-9EA3-EE0E35814978}.Release|Any CPU.ActiveCfg = Release|Any CPU
		{FC6AA763-0FCB-42EC-9EA3-EE0E35814978}.Release|ARM.ActiveCfg = Release|Any CPU
		{FC6AA763-0FCB-42EC-9EA3-EE0E35814978}.Release|ARM.Build.0 = Release|Any CPU
		{FC6AA763-0FCB-42EC-9EA3-EE0E35814978}.Release|iPhone.ActiveCfg = Release|Any CPU
		{FC6AA763-0FCB-42EC-9EA3-EE0E35814978}.Release|iPhone.Build.0 = Release|Any CPU
		{FC6AA763-0FCB-42EC-9EA3-EE0E35814978}.Release|iPhoneSimulator.ActiveCfg = Release|Any CPU
		{FC6AA763-0FCB-42EC-9EA3-EE0E35814978}.Release|iPhoneSimulator.Build.0 = Release|Any CPU
		{FC6AA763-0FCB-42EC-9EA3-EE0E35814978}.Release|x64.ActiveCfg = Release|Any CPU
		{FC6AA763-0FCB-42EC-9EA3-EE0E35814978}.Release|x64.Build.0 = Release|Any CPU
		{FC6AA763-0FCB-42EC-9EA3-EE0E35814978}.Release|x86.ActiveCfg = Release|Any CPU
		{FC6AA763-0FCB-42EC-9EA3-EE0E35814978}.Release|x86.Build.0 = Release|Any CPU
		{FC6AA763-0FCB-42EC-9EA3-EE0E35814978}.WPF|Any CPU.ActiveCfg = WPF|Any CPU
		{FC6AA763-0FCB-42EC-9EA3-EE0E35814978}.WPF|Any CPU.Build.0 = WPF|Any CPU
		{FC6AA763-0FCB-42EC-9EA3-EE0E35814978}.WPF|ARM.ActiveCfg = WPF|Any CPU
		{FC6AA763-0FCB-42EC-9EA3-EE0E35814978}.WPF|ARM.Build.0 = WPF|Any CPU
		{FC6AA763-0FCB-42EC-9EA3-EE0E35814978}.WPF|iPhone.ActiveCfg = WPF|Any CPU
		{FC6AA763-0FCB-42EC-9EA3-EE0E35814978}.WPF|iPhone.Build.0 = WPF|Any CPU
		{FC6AA763-0FCB-42EC-9EA3-EE0E35814978}.WPF|iPhoneSimulator.ActiveCfg = WPF|Any CPU
		{FC6AA763-0FCB-42EC-9EA3-EE0E35814978}.WPF|iPhoneSimulator.Build.0 = WPF|Any CPU
		{FC6AA763-0FCB-42EC-9EA3-EE0E35814978}.WPF|x64.ActiveCfg = WPF|Any CPU
		{FC6AA763-0FCB-42EC-9EA3-EE0E35814978}.WPF|x64.Build.0 = WPF|Any CPU
		{FC6AA763-0FCB-42EC-9EA3-EE0E35814978}.WPF|x86.ActiveCfg = WPF|Any CPU
		{FC6AA763-0FCB-42EC-9EA3-EE0E35814978}.WPF|x86.Build.0 = WPF|Any CPU
	EndGlobalSection
	GlobalSection(SolutionProperties) = preSolution
		HideSolutionNode = FALSE
	EndGlobalSection
	GlobalSection(ExtensibilityGlobals) = postSolution
		SolutionGuid = {7FE8B5B0-BF6E-460B-8F78-51DAB6F7B030}
	EndGlobalSection
EndGlobal
